
Microsoft Visual Studio Solution File, Format Version 12.00
# Visual Studio Version 17
VisualStudioVersion = 17.6.33815.320
MinimumVisualStudioVersion = 10.0.40219.1
Project("{FAE04EC0-301F-11D3-BF4B-00C04F79EFBC}") = "Nekx86GameLauncher", "Nekx86GameLauncher\Nekx86GameLauncher.csproj", "{50A8D48D-3133-400E-A801-8FB285BE4C93}"
EndProject
Global
	GlobalSection(SolutionConfigurationPlatforms) = preSolution
		Debug|Any CPU = Debug|Any CPU
		Release|Any CPU = Release|Any CPU
	EndGlobalSection
	GlobalSection(ProjectConfigurationPlatforms) = postSolution
		{50A8D48D-3133-400E-A801-8FB285BE4C93}.Debug|Any CPU.ActiveCfg = Debug|Any CPU
		{50A8D48D-3133-400E-A801-8FB285BE4C93}.Debug|Any CPU.Build.0 = Debug|Any CPU
		{50A8D48D-3133-400E-A801-8FB285BE4C93}.Release|Any CPU.ActiveCfg = Release|Any CPU
		{50A8D48D-3133-400E-A801-8FB285BE4C93}.Release|Any CPU.Build.0 = Release|Any CPU
	EndGlobalSection
	GlobalSection(SolutionProperties) = preSolution
		HideSolutionNode = FALSE
	EndGlobalSection
	GlobalSection(ExtensibilityGlobals) = postSolution
		SolutionGuid = {2F7E16CC-25B7-4D0B-BAC0-7BB10A455C25}
	EndGlobalSection
EndGlobal
